<?xml version="1.0" encoding="UTF-8"?>
<!DOCTYPE plist PUBLIC "-//Apple//DTD PLIST 1.0//EN" "http://www.apple.com/DTDs/PropertyList-1.0.dtd">
<plist version="1.0">
<dict>
	<key>archiveVersion</key>
	<string>1</string>
	<key>classes</key>
	<dict/>
	<key>objectVersion</key>
	<string>46</string>
	<key>objects</key>
	<dict>
		<key>03F81F7ED6084165A6A97C92</key>
		<dict>
			<key>buildActionMask</key>
			<string>2147483647</string>
			<key>files</key>
			<array/>
			<key>inputPaths</key>
			<array/>
			<key>isa</key>
			<string>PBXShellScriptBuildPhase</string>
			<key>name</key>
			<string>Copy Pods Resources</string>
			<key>outputPaths</key>
			<array/>
			<key>runOnlyForDeploymentPostprocessing</key>
			<string>0</string>
			<key>shellPath</key>
			<string>/bin/sh</string>
			<key>shellScript</key>
			<string>"${SRCROOT}/Pods/Target Support Files/Pods-Residence/Pods-Residence-resources.sh"
</string>
			<key>showEnvVarsInLog</key>
			<string>0</string>
		</dict>
		<key>0F9E8F61420D42C182D1C934</key>
		<dict>
			<key>explicitFileType</key>
			<string>archive.ar</string>
			<key>includeInIndex</key>
			<string>0</string>
			<key>isa</key>
			<string>PBXFileReference</string>
			<key>path</key>
			<string>libPods-Residence.a</string>
			<key>sourceTree</key>
			<string>BUILT_PRODUCTS_DIR</string>
		</dict>
		<key>1901EB6919DC9CE200ED71EB</key>
		<dict>
			<key>fileEncoding</key>
			<string>4</string>
			<key>isa</key>
			<string>PBXFileReference</string>
			<key>lastKnownFileType</key>
			<string>sourcecode.c.h</string>
			<key>path</key>
			<string>RPi.h</string>
			<key>sourceTree</key>
			<string>&lt;group&gt;</string>
		</dict>
		<key>1901EB6A19DC9CE200ED71EB</key>
		<dict>
			<key>fileEncoding</key>
			<string>4</string>
			<key>isa</key>
			<string>PBXFileReference</string>
			<key>lastKnownFileType</key>
			<string>sourcecode.c.objc</string>
			<key>path</key>
			<string>RPi.m</string>
			<key>sourceTree</key>
			<string>&lt;group&gt;</string>
		</dict>
		<key>1901EB6B19DC9CE200ED71EB</key>
		<dict>
			<key>fileEncoding</key>
			<string>4</string>
			<key>isa</key>
			<string>PBXFileReference</string>
			<key>lastKnownFileType</key>
			<string>sourcecode.c.h</string>
			<key>path</key>
			<string>RPiDevicesTableViewController.h</string>
			<key>sourceTree</key>
			<string>&lt;group&gt;</string>
		</dict>
		<key>1901EB6C19DC9CE200ED71EB</key>
		<dict>
			<key>fileEncoding</key>
			<string>4</string>
			<key>isa</key>
			<string>PBXFileReference</string>
			<key>lastKnownFileType</key>
			<string>sourcecode.c.objc</string>
			<key>path</key>
			<string>RPiDevicesTableViewController.m</string>
			<key>sourceTree</key>
			<string>&lt;group&gt;</string>
		</dict>
		<key>1901EB6D19DC9CE200ED71EB</key>
		<dict>
			<key>fileEncoding</key>
			<string>4</string>
			<key>isa</key>
			<string>PBXFileReference</string>
			<key>lastKnownFileType</key>
			<string>sourcecode.c.h</string>
			<key>path</key>
			<string>WAMPResidenceService.h</string>
			<key>sourceTree</key>
			<string>&lt;group&gt;</string>
		</dict>
		<key>1901EB6E19DC9CE200ED71EB</key>
		<dict>
			<key>fileEncoding</key>
			<string>4</string>
			<key>isa</key>
			<string>PBXFileReference</string>
			<key>lastKnownFileType</key>
			<string>sourcecode.c.objc</string>
			<key>path</key>
			<string>WAMPResidenceService.m</string>
			<key>sourceTree</key>
			<string>&lt;group&gt;</string>
		</dict>
		<key>1901EB6F19DC9CE200ED71EB</key>
		<dict>
			<key>fileRef</key>
			<string>1901EB6A19DC9CE200ED71EB</string>
			<key>isa</key>
			<string>PBXBuildFile</string>
		</dict>
		<key>1901EB7019DC9CE200ED71EB</key>
		<dict>
			<key>fileRef</key>
			<string>1901EB6C19DC9CE200ED71EB</string>
			<key>isa</key>
			<string>PBXBuildFile</string>
		</dict>
		<key>1901EB7119DC9CE200ED71EB</key>
		<dict>
			<key>fileRef</key>
			<string>1901EB6E19DC9CE200ED71EB</string>
			<key>isa</key>
			<string>PBXBuildFile</string>
		</dict>
		<key>1901EB7219DC9D7B00ED71EB</key>
		<dict>
			<key>children</key>
			<array>
				<string>1901EB6919DC9CE200ED71EB</string>
				<string>1901EB6A19DC9CE200ED71EB</string>
				<string>1901EB7B19DCC7D600ED71EB</string>
				<string>1901EB7C19DCC7D600ED71EB</string>
			</array>
			<key>isa</key>
			<string>PBXGroup</string>
			<key>name</key>
			<string>model</string>
			<key>sourceTree</key>
			<string>&lt;group&gt;</string>
		</dict>
		<key>1901EB7319DC9D8C00ED71EB</key>
		<dict>
			<key>children</key>
			<array>
				<string>1901EB6D19DC9CE200ED71EB</string>
				<string>1901EB6E19DC9CE200ED71EB</string>
			</array>
			<key>isa</key>
			<string>PBXGroup</string>
			<key>name</key>
			<string>service</string>
			<key>sourceTree</key>
			<string>&lt;group&gt;</string>
		</dict>
		<key>1901EB7419DC9D9400ED71EB</key>
		<dict>
			<key>children</key>
			<array>
				<string>1901EB6B19DC9CE200ED71EB</string>
				<string>1901EB6C19DC9CE200ED71EB</string>
				<string>1901EB7819DCC17400ED71EB</string>
				<string>1901EB7919DCC17400ED71EB</string>
				<string>193D0F5619E44BE80030B45F</string>
				<string>193D0F5719E44BE80030B45F</string>
				<string>193D0F5919E46B780030B45F</string>
				<string>193D0F5A19E46B780030B45F</string>
			</array>
			<key>isa</key>
			<string>PBXGroup</string>
			<key>name</key>
			<string>controller</string>
			<key>sourceTree</key>
			<string>&lt;group&gt;</string>
		</dict>
		<key>1901EB7819DCC17400ED71EB</key>
		<dict>
			<key>fileEncoding</key>
			<string>4</string>
			<key>isa</key>
			<string>PBXFileReference</string>
			<key>lastKnownFileType</key>
			<string>sourcecode.c.h</string>
			<key>path</key>
			<string>DeviceOutletTableViewController.h</string>
			<key>sourceTree</key>
			<string>&lt;group&gt;</string>
		</dict>
		<key>1901EB7919DCC17400ED71EB</key>
		<dict>
			<key>fileEncoding</key>
			<string>4</string>
			<key>isa</key>
			<string>PBXFileReference</string>
			<key>lastKnownFileType</key>
			<string>sourcecode.c.objc</string>
			<key>path</key>
			<string>DeviceOutletTableViewController.m</string>
			<key>sourceTree</key>
			<string>&lt;group&gt;</string>
		</dict>
		<key>1901EB7A19DCC17400ED71EB</key>
		<dict>
			<key>fileRef</key>
			<string>1901EB7919DCC17400ED71EB</string>
			<key>isa</key>
			<string>PBXBuildFile</string>
		</dict>
		<key>1901EB7B19DCC7D600ED71EB</key>
		<dict>
			<key>fileEncoding</key>
			<string>4</string>
			<key>isa</key>
			<string>PBXFileReference</string>
			<key>lastKnownFileType</key>
			<string>sourcecode.c.h</string>
			<key>path</key>
			<string>Outlet.h</string>
			<key>sourceTree</key>
			<string>&lt;group&gt;</string>
		</dict>
		<key>1901EB7C19DCC7D600ED71EB</key>
		<dict>
			<key>fileEncoding</key>
			<string>4</string>
			<key>isa</key>
			<string>PBXFileReference</string>
			<key>lastKnownFileType</key>
			<string>sourcecode.c.objc</string>
			<key>path</key>
			<string>Outlet.m</string>
			<key>sourceTree</key>
			<string>&lt;group&gt;</string>
		</dict>
		<key>1901EB7D19DCC7D600ED71EB</key>
		<dict>
			<key>fileRef</key>
			<string>1901EB7C19DCC7D600ED71EB</string>
			<key>isa</key>
			<string>PBXBuildFile</string>
		</dict>
		<key>193D0F5319E44B210030B45F</key>
		<dict>
			<key>children</key>
			<array>
				<string>193D0F5419E44B210030B45F</string>
			</array>
			<key>isa</key>
			<string>PBXVariantGroup</string>
			<key>name</key>
			<string>Main.storyboard</string>
			<key>sourceTree</key>
			<string>&lt;group&gt;</string>
		</dict>
		<key>193D0F5419E44B210030B45F</key>
		<dict>
			<key>isa</key>
			<string>PBXFileReference</string>
			<key>lastKnownFileType</key>
			<string>file.storyboard</string>
			<key>name</key>
			<string>Base</string>
			<key>path</key>
			<string>Base.lproj/Main.storyboard</string>
			<key>sourceTree</key>
			<string>&lt;group&gt;</string>
		</dict>
		<key>193D0F5519E44B210030B45F</key>
		<dict>
			<key>fileRef</key>
			<string>193D0F5319E44B210030B45F</string>
			<key>isa</key>
			<string>PBXBuildFile</string>
		</dict>
		<key>193D0F5619E44BE80030B45F</key>
		<dict>
			<key>fileEncoding</key>
			<string>4</string>
			<key>isa</key>
			<string>PBXFileReference</string>
			<key>lastKnownFileType</key>
			<string>sourcecode.c.h</string>
			<key>path</key>
			<string>WebCamTableViewController.h</string>
			<key>sourceTree</key>
			<string>&lt;group&gt;</string>
		</dict>
		<key>193D0F5719E44BE80030B45F</key>
		<dict>
			<key>fileEncoding</key>
			<string>4</string>
			<key>isa</key>
			<string>PBXFileReference</string>
			<key>lastKnownFileType</key>
			<string>sourcecode.c.objc</string>
			<key>path</key>
			<string>WebCamTableViewController.m</string>
			<key>sourceTree</key>
			<string>&lt;group&gt;</string>
		</dict>
		<key>193D0F5819E44BE80030B45F</key>
		<dict>
			<key>fileRef</key>
			<string>193D0F5719E44BE80030B45F</string>
			<key>isa</key>
			<string>PBXBuildFile</string>
		</dict>
		<key>193D0F5919E46B780030B45F</key>
		<dict>
			<key>fileEncoding</key>
			<string>4</string>
			<key>isa</key>
			<string>PBXFileReference</string>
			<key>lastKnownFileType</key>
			<string>sourcecode.c.h</string>
			<key>path</key>
			<string>WebCamViewController.h</string>
			<key>sourceTree</key>
			<string>&lt;group&gt;</string>
		</dict>
		<key>193D0F5A19E46B780030B45F</key>
		<dict>
			<key>fileEncoding</key>
			<string>4</string>
			<key>isa</key>
			<string>PBXFileReference</string>
			<key>lastKnownFileType</key>
			<string>sourcecode.c.objc</string>
			<key>path</key>
			<string>WebCamViewController.m</string>
			<key>sourceTree</key>
			<string>&lt;group&gt;</string>
		</dict>
		<key>193D0F5B19E46B780030B45F</key>
		<dict>
			<key>fileRef</key>
			<string>193D0F5A19E46B780030B45F</string>
			<key>isa</key>
			<string>PBXBuildFile</string>
		</dict>
		<key>198FEE8419D7334200A5CA01</key>
		<dict>
			<key>children</key>
			<array>
				<string>198FEE8F19D7334200A5CA01</string>
				<string>198FEEAC19D7334200A5CA01</string>
				<string>198FEE8E19D7334200A5CA01</string>
				<string>F898B1FBF3C14CD9828B74D7</string>
				<string>90A36A44177C8732A73F920F</string>
			</array>
			<key>isa</key>
			<string>PBXGroup</string>
			<key>sourceTree</key>
			<string>&lt;group&gt;</string>
		</dict>
		<key>198FEE8519D7334200A5CA01</key>
		<dict>
			<key>attributes</key>
			<dict>
				<key>LastUpgradeCheck</key>
				<string>0600</string>
				<key>ORGANIZATIONNAME</key>
				<string>Jeremy Dyer</string>
				<key>TargetAttributes</key>
				<dict>
					<key>198FEE8C19D7334200A5CA01</key>
					<dict>
						<key>CreatedOnToolsVersion</key>
						<string>6.0.1</string>
					</dict>
					<key>198FEEA819D7334200A5CA01</key>
					<dict>
						<key>CreatedOnToolsVersion</key>
						<string>6.0.1</string>
						<key>TestTargetID</key>
						<string>198FEE8C19D7334200A5CA01</string>
					</dict>
				</dict>
			</dict>
			<key>buildConfigurationList</key>
			<string>198FEE8819D7334200A5CA01</string>
			<key>compatibilityVersion</key>
			<string>Xcode 3.2</string>
			<key>developmentRegion</key>
			<string>English</string>
			<key>hasScannedForEncodings</key>
			<string>0</string>
			<key>isa</key>
			<string>PBXProject</string>
			<key>knownRegions</key>
			<array>
				<string>en</string>
				<string>Base</string>
			</array>
			<key>mainGroup</key>
			<string>198FEE8419D7334200A5CA01</string>
			<key>productRefGroup</key>
			<string>198FEE8E19D7334200A5CA01</string>
			<key>projectDirPath</key>
			<string></string>
			<key>projectReferences</key>
			<array/>
			<key>projectRoot</key>
			<string></string>
			<key>targets</key>
			<array>
				<string>198FEE8C19D7334200A5CA01</string>
				<string>198FEEA819D7334200A5CA01</string>
			</array>
		</dict>
		<key>198FEE8819D7334200A5CA01</key>
		<dict>
			<key>buildConfigurations</key>
			<array>
				<string>198FEEB119D7334200A5CA01</string>
				<string>198FEEB219D7334200A5CA01</string>
			</array>
			<key>defaultConfigurationIsVisible</key>
			<string>0</string>
			<key>defaultConfigurationName</key>
			<string>Release</string>
			<key>isa</key>
			<string>XCConfigurationList</string>
		</dict>
		<key>198FEE8919D7334200A5CA01</key>
		<dict>
			<key>buildActionMask</key>
			<string>2147483647</string>
			<key>files</key>
			<array>
				<string>1901EB7D19DCC7D600ED71EB</string>
				<string>1901EB7A19DCC17400ED71EB</string>
				<string>198FEE9619D7334200A5CA01</string>
				<string>1901EB7119DC9CE200ED71EB</string>
				<string>198FEE9919D7334200A5CA01</string>
				<string>198FEE9319D7334200A5CA01</string>
				<string>193D0F5819E44BE80030B45F</string>
				<string>1901EB6F19DC9CE200ED71EB</string>
				<string>1901EB7019DC9CE200ED71EB</string>
				<string>193D0F5B19E46B780030B45F</string>
			</array>
			<key>isa</key>
			<string>PBXSourcesBuildPhase</string>
			<key>runOnlyForDeploymentPostprocessing</key>
			<string>0</string>
		</dict>
		<key>198FEE8A19D7334200A5CA01</key>
		<dict>
			<key>buildActionMask</key>
			<string>2147483647</string>
			<key>files</key>
			<array>
				<string>68AADA9C85E84C61933AAA40</string>
			</array>
			<key>isa</key>
			<string>PBXFrameworksBuildPhase</string>
			<key>runOnlyForDeploymentPostprocessing</key>
			<string>0</string>
		</dict>
		<key>198FEE8B19D7334200A5CA01</key>
		<dict>
			<key>buildActionMask</key>
			<string>2147483647</string>
			<key>files</key>
			<array>
				<string>193D0F5519E44B210030B45F</string>
				<string>198FEEA419D7334200A5CA01</string>
				<string>198FEEA119D7334200A5CA01</string>
			</array>
			<key>isa</key>
			<string>PBXResourcesBuildPhase</string>
			<key>runOnlyForDeploymentPostprocessing</key>
			<string>0</string>
		</dict>
		<key>198FEE8C19D7334200A5CA01</key>
		<dict>
			<key>buildConfigurationList</key>
			<string>198FEEB319D7334200A5CA01</string>
			<key>buildPhases</key>
			<array>
				<string>74C2E4D865C44ABDB0A99BCF</string>
				<string>198FEE8919D7334200A5CA01</string>
				<string>198FEE8A19D7334200A5CA01</string>
				<string>198FEE8B19D7334200A5CA01</string>
				<string>03F81F7ED6084165A6A97C92</string>
			</array>
			<key>buildRules</key>
			<array/>
			<key>dependencies</key>
			<array/>
			<key>isa</key>
			<string>PBXNativeTarget</string>
			<key>name</key>
			<string>Residence</string>
			<key>productName</key>
			<string>Residence</string>
			<key>productReference</key>
			<string>198FEE8D19D7334200A5CA01</string>
			<key>productType</key>
			<string>com.apple.product-type.application</string>
		</dict>
		<key>198FEE8D19D7334200A5CA01</key>
		<dict>
			<key>explicitFileType</key>
			<string>wrapper.application</string>
			<key>includeInIndex</key>
			<string>0</string>
			<key>isa</key>
			<string>PBXFileReference</string>
			<key>path</key>
			<string>Residence.app</string>
			<key>sourceTree</key>
			<string>BUILT_PRODUCTS_DIR</string>
		</dict>
		<key>198FEE8E19D7334200A5CA01</key>
		<dict>
			<key>children</key>
			<array>
				<string>198FEE8D19D7334200A5CA01</string>
				<string>198FEEA919D7334200A5CA01</string>
			</array>
			<key>isa</key>
			<string>PBXGroup</string>
			<key>name</key>
			<string>Products</string>
			<key>sourceTree</key>
			<string>&lt;group&gt;</string>
		</dict>
		<key>198FEE8F19D7334200A5CA01</key>
		<dict>
			<key>children</key>
			<array>
				<string>193D0F5319E44B210030B45F</string>
				<string>1901EB7419DC9D9400ED71EB</string>
				<string>1901EB7319DC9D8C00ED71EB</string>
				<string>1901EB7219DC9D7B00ED71EB</string>
				<string>198FEE9419D7334200A5CA01</string>
				<string>198FEE9519D7334200A5CA01</string>
				<string>198FEEA019D7334200A5CA01</string>
				<string>198FEEA219D7334200A5CA01</string>
				<string>198FEE9719D7334200A5CA01</string>
				<string>198FEE9019D7334200A5CA01</string>
			</array>
			<key>isa</key>
			<string>PBXGroup</string>
			<key>path</key>
			<string>Residence</string>
			<key>sourceTree</key>
			<string>&lt;group&gt;</string>
		</dict>
		<key>198FEE9019D7334200A5CA01</key>
		<dict>
			<key>children</key>
			<array>
				<string>198FEE9119D7334200A5CA01</string>
				<string>198FEE9219D7334200A5CA01</string>
			</array>
			<key>isa</key>
			<string>PBXGroup</string>
			<key>name</key>
			<string>Supporting Files</string>
			<key>sourceTree</key>
			<string>&lt;group&gt;</string>
		</dict>
		<key>198FEE9119D7334200A5CA01</key>
		<dict>
			<key>isa</key>
			<string>PBXFileReference</string>
			<key>lastKnownFileType</key>
			<string>text.plist.xml</string>
			<key>path</key>
			<string>Info.plist</string>
			<key>sourceTree</key>
			<string>&lt;group&gt;</string>
		</dict>
		<key>198FEE9219D7334200A5CA01</key>
		<dict>
			<key>isa</key>
			<string>PBXFileReference</string>
			<key>lastKnownFileType</key>
			<string>sourcecode.c.objc</string>
			<key>path</key>
			<string>main.m</string>
			<key>sourceTree</key>
			<string>&lt;group&gt;</string>
		</dict>
		<key>198FEE9319D7334200A5CA01</key>
		<dict>
			<key>fileRef</key>
			<string>198FEE9219D7334200A5CA01</string>
			<key>isa</key>
			<string>PBXBuildFile</string>
		</dict>
		<key>198FEE9419D7334200A5CA01</key>
		<dict>
			<key>isa</key>
			<string>PBXFileReference</string>
			<key>lastKnownFileType</key>
			<string>sourcecode.c.h</string>
			<key>path</key>
			<string>AppDelegate.h</string>
			<key>sourceTree</key>
			<string>&lt;group&gt;</string>
		</dict>
		<key>198FEE9519D7334200A5CA01</key>
		<dict>
			<key>isa</key>
			<string>PBXFileReference</string>
			<key>lastKnownFileType</key>
			<string>sourcecode.c.objc</string>
			<key>path</key>
			<string>AppDelegate.m</string>
			<key>sourceTree</key>
			<string>&lt;group&gt;</string>
		</dict>
		<key>198FEE9619D7334200A5CA01</key>
		<dict>
			<key>fileRef</key>
			<string>198FEE9519D7334200A5CA01</string>
			<key>isa</key>
			<string>PBXBuildFile</string>
		</dict>
		<key>198FEE9719D7334200A5CA01</key>
		<dict>
			<key>children</key>
			<array>
				<string>198FEE9819D7334200A5CA01</string>
			</array>
			<key>currentVersion</key>
			<string>198FEE9819D7334200A5CA01</string>
			<key>isa</key>
			<string>XCVersionGroup</string>
			<key>path</key>
			<string>Residence.xcdatamodeld</string>
			<key>sourceTree</key>
			<string>&lt;group&gt;</string>
			<key>versionGroupType</key>
			<string>wrapper.xcdatamodel</string>
		</dict>
		<key>198FEE9819D7334200A5CA01</key>
		<dict>
			<key>isa</key>
			<string>PBXFileReference</string>
			<key>lastKnownFileType</key>
			<string>wrapper.xcdatamodel</string>
			<key>path</key>
			<string>Residence.xcdatamodel</string>
			<key>sourceTree</key>
			<string>&lt;group&gt;</string>
		</dict>
		<key>198FEE9919D7334200A5CA01</key>
		<dict>
			<key>fileRef</key>
			<string>198FEE9719D7334200A5CA01</string>
			<key>isa</key>
			<string>PBXBuildFile</string>
		</dict>
		<key>198FEEA019D7334200A5CA01</key>
		<dict>
			<key>isa</key>
			<string>PBXFileReference</string>
			<key>lastKnownFileType</key>
			<string>folder.assetcatalog</string>
			<key>path</key>
			<string>Images.xcassets</string>
			<key>sourceTree</key>
			<string>&lt;group&gt;</string>
		</dict>
		<key>198FEEA119D7334200A5CA01</key>
		<dict>
			<key>fileRef</key>
			<string>198FEEA019D7334200A5CA01</string>
			<key>isa</key>
			<string>PBXBuildFile</string>
		</dict>
		<key>198FEEA219D7334200A5CA01</key>
		<dict>
			<key>children</key>
			<array>
				<string>198FEEA319D7334200A5CA01</string>
			</array>
			<key>isa</key>
			<string>PBXVariantGroup</string>
			<key>name</key>
			<string>LaunchScreen.xib</string>
			<key>sourceTree</key>
			<string>&lt;group&gt;</string>
		</dict>
		<key>198FEEA319D7334200A5CA01</key>
		<dict>
			<key>isa</key>
			<string>PBXFileReference</string>
			<key>lastKnownFileType</key>
			<string>file.xib</string>
			<key>name</key>
			<string>Base</string>
			<key>path</key>
			<string>Base.lproj/LaunchScreen.xib</string>
			<key>sourceTree</key>
			<string>&lt;group&gt;</string>
		</dict>
		<key>198FEEA419D7334200A5CA01</key>
		<dict>
			<key>fileRef</key>
			<string>198FEEA219D7334200A5CA01</string>
			<key>isa</key>
			<string>PBXBuildFile</string>
		</dict>
		<key>198FEEA519D7334200A5CA01</key>
		<dict>
			<key>buildActionMask</key>
			<string>2147483647</string>
			<key>files</key>
			<array>
				<string>198FEEB019D7334200A5CA01</string>
			</array>
			<key>isa</key>
			<string>PBXSourcesBuildPhase</string>
			<key>runOnlyForDeploymentPostprocessing</key>
			<string>0</string>
		</dict>
		<key>198FEEA619D7334200A5CA01</key>
		<dict>
			<key>buildActionMask</key>
			<string>2147483647</string>
			<key>files</key>
			<array/>
			<key>isa</key>
			<string>PBXFrameworksBuildPhase</string>
			<key>runOnlyForDeploymentPostprocessing</key>
			<string>0</string>
		</dict>
		<key>198FEEA719D7334200A5CA01</key>
		<dict>
			<key>buildActionMask</key>
			<string>2147483647</string>
			<key>files</key>
			<array/>
			<key>isa</key>
			<string>PBXResourcesBuildPhase</string>
			<key>runOnlyForDeploymentPostprocessing</key>
			<string>0</string>
		</dict>
		<key>198FEEA819D7334200A5CA01</key>
		<dict>
			<key>buildConfigurationList</key>
			<string>198FEEB619D7334200A5CA01</string>
			<key>buildPhases</key>
			<array>
				<string>198FEEA519D7334200A5CA01</string>
				<string>198FEEA619D7334200A5CA01</string>
				<string>198FEEA719D7334200A5CA01</string>
			</array>
			<key>buildRules</key>
			<array/>
			<key>dependencies</key>
			<array>
				<string>198FEEAB19D7334200A5CA01</string>
			</array>
			<key>isa</key>
			<string>PBXNativeTarget</string>
			<key>name</key>
			<string>ResidenceTests</string>
			<key>productName</key>
			<string>ResidenceTests</string>
			<key>productReference</key>
			<string>198FEEA919D7334200A5CA01</string>
			<key>productType</key>
			<string>com.apple.product-type.bundle.unit-test</string>
		</dict>
		<key>198FEEA919D7334200A5CA01</key>
		<dict>
			<key>explicitFileType</key>
			<string>wrapper.cfbundle</string>
			<key>includeInIndex</key>
			<string>0</string>
			<key>isa</key>
			<string>PBXFileReference</string>
			<key>path</key>
			<string>ResidenceTests.xctest</string>
			<key>sourceTree</key>
			<string>BUILT_PRODUCTS_DIR</string>
		</dict>
		<key>198FEEAA19D7334200A5CA01</key>
		<dict>
			<key>containerPortal</key>
			<string>198FEE8519D7334200A5CA01</string>
			<key>isa</key>
			<string>PBXContainerItemProxy</string>
			<key>proxyType</key>
			<string>1</string>
			<key>remoteGlobalIDString</key>
			<string>198FEE8C19D7334200A5CA01</string>
			<key>remoteInfo</key>
			<string>Residence</string>
		</dict>
		<key>198FEEAB19D7334200A5CA01</key>
		<dict>
			<key>isa</key>
			<string>PBXTargetDependency</string>
			<key>target</key>
			<string>198FEE8C19D7334200A5CA01</string>
			<key>targetProxy</key>
			<string>198FEEAA19D7334200A5CA01</string>
		</dict>
		<key>198FEEAC19D7334200A5CA01</key>
		<dict>
			<key>children</key>
			<array>
				<string>198FEEAF19D7334200A5CA01</string>
				<string>198FEEAD19D7334200A5CA01</string>
			</array>
			<key>isa</key>
			<string>PBXGroup</string>
			<key>path</key>
			<string>ResidenceTests</string>
			<key>sourceTree</key>
			<string>&lt;group&gt;</string>
		</dict>
		<key>198FEEAD19D7334200A5CA01</key>
		<dict>
			<key>children</key>
			<array>
				<string>198FEEAE19D7334200A5CA01</string>
			</array>
			<key>isa</key>
			<string>PBXGroup</string>
			<key>name</key>
			<string>Supporting Files</string>
			<key>sourceTree</key>
			<string>&lt;group&gt;</string>
		</dict>
		<key>198FEEAE19D7334200A5CA01</key>
		<dict>
			<key>isa</key>
			<string>PBXFileReference</string>
			<key>lastKnownFileType</key>
			<string>text.plist.xml</string>
			<key>path</key>
			<string>Info.plist</string>
			<key>sourceTree</key>
			<string>&lt;group&gt;</string>
		</dict>
		<key>198FEEAF19D7334200A5CA01</key>
		<dict>
			<key>isa</key>
			<string>PBXFileReference</string>
			<key>lastKnownFileType</key>
			<string>sourcecode.c.objc</string>
			<key>path</key>
			<string>ResidenceTests.m</string>
			<key>sourceTree</key>
			<string>&lt;group&gt;</string>
		</dict>
		<key>198FEEB019D7334200A5CA01</key>
		<dict>
			<key>fileRef</key>
			<string>198FEEAF19D7334200A5CA01</string>
			<key>isa</key>
			<string>PBXBuildFile</string>
		</dict>
		<key>198FEEB119D7334200A5CA01</key>
		<dict>
			<key>buildSettings</key>
			<dict>
				<key>ALWAYS_SEARCH_USER_PATHS</key>
				<string>NO</string>
				<key>CLANG_CXX_LANGUAGE_STANDARD</key>
				<string>gnu++0x</string>
				<key>CLANG_CXX_LIBRARY</key>
				<string>libc++</string>
				<key>CLANG_ENABLE_MODULES</key>
				<string>YES</string>
				<key>CLANG_ENABLE_OBJC_ARC</key>
				<string>YES</string>
				<key>CLANG_WARN_BOOL_CONVERSION</key>
				<string>YES</string>
				<key>CLANG_WARN_CONSTANT_CONVERSION</key>
				<string>YES</string>
				<key>CLANG_WARN_DIRECT_OBJC_ISA_USAGE</key>
				<string>YES_ERROR</string>
				<key>CLANG_WARN_EMPTY_BODY</key>
				<string>YES</string>
				<key>CLANG_WARN_ENUM_CONVERSION</key>
				<string>YES</string>
				<key>CLANG_WARN_INT_CONVERSION</key>
				<string>YES</string>
				<key>CLANG_WARN_OBJC_ROOT_CLASS</key>
				<string>YES_ERROR</string>
				<key>CLANG_WARN_UNREACHABLE_CODE</key>
				<string>YES</string>
				<key>CLANG_WARN__DUPLICATE_METHOD_MATCH</key>
				<string>YES</string>
				<key>CODE_SIGN_IDENTITY[sdk=iphoneos*]</key>
				<string>iPhone Developer</string>
				<key>COPY_PHASE_STRIP</key>
				<string>NO</string>
				<key>ENABLE_STRICT_OBJC_MSGSEND</key>
				<string>YES</string>
				<key>GCC_C_LANGUAGE_STANDARD</key>
				<string>gnu99</string>
				<key>GCC_DYNAMIC_NO_PIC</key>
				<string>NO</string>
				<key>GCC_OPTIMIZATION_LEVEL</key>
				<string>0</string>
				<key>GCC_PREPROCESSOR_DEFINITIONS</key>
				<array>
					<string>DEBUG=1</string>
					<string>$(inherited)</string>
				</array>
				<key>GCC_SYMBOLS_PRIVATE_EXTERN</key>
				<string>NO</string>
				<key>GCC_WARN_64_TO_32_BIT_CONVERSION</key>
				<string>YES</string>
				<key>GCC_WARN_ABOUT_RETURN_TYPE</key>
				<string>YES_ERROR</string>
				<key>GCC_WARN_UNDECLARED_SELECTOR</key>
				<string>YES</string>
				<key>GCC_WARN_UNINITIALIZED_AUTOS</key>
				<string>YES_AGGRESSIVE</string>
				<key>GCC_WARN_UNUSED_FUNCTION</key>
				<string>YES</string>
				<key>GCC_WARN_UNUSED_VARIABLE</key>
				<string>YES</string>
				<key>IPHONEOS_DEPLOYMENT_TARGET</key>
				<string>8.0</string>
				<key>MTL_ENABLE_DEBUG_INFO</key>
				<string>YES</string>
				<key>ONLY_ACTIVE_ARCH</key>
				<string>YES</string>
				<key>SDKROOT</key>
				<string>iphoneos</string>
				<key>TARGETED_DEVICE_FAMILY</key>
				<string>1,2</string>
			</dict>
			<key>isa</key>
			<string>XCBuildConfiguration</string>
			<key>name</key>
			<string>Debug</string>
		</dict>
		<key>198FEEB219D7334200A5CA01</key>
		<dict>
			<key>buildSettings</key>
			<dict>
				<key>ALWAYS_SEARCH_USER_PATHS</key>
				<string>NO</string>
				<key>CLANG_CXX_LANGUAGE_STANDARD</key>
				<string>gnu++0x</string>
				<key>CLANG_CXX_LIBRARY</key>
				<string>libc++</string>
				<key>CLANG_ENABLE_MODULES</key>
				<string>YES</string>
				<key>CLANG_ENABLE_OBJC_ARC</key>
				<string>YES</string>
				<key>CLANG_WARN_BOOL_CONVERSION</key>
				<string>YES</string>
				<key>CLANG_WARN_CONSTANT_CONVERSION</key>
				<string>YES</string>
				<key>CLANG_WARN_DIRECT_OBJC_ISA_USAGE</key>
				<string>YES_ERROR</string>
				<key>CLANG_WARN_EMPTY_BODY</key>
				<string>YES</string>
				<key>CLANG_WARN_ENUM_CONVERSION</key>
				<string>YES</string>
				<key>CLANG_WARN_INT_CONVERSION</key>
				<string>YES</string>
				<key>CLANG_WARN_OBJC_ROOT_CLASS</key>
				<string>YES_ERROR</string>
				<key>CLANG_WARN_UNREACHABLE_CODE</key>
				<string>YES</string>
				<key>CLANG_WARN__DUPLICATE_METHOD_MATCH</key>
				<string>YES</string>
				<key>CODE_SIGN_IDENTITY[sdk=iphoneos*]</key>
				<string>iPhone Developer</string>
				<key>COPY_PHASE_STRIP</key>
				<string>YES</string>
				<key>ENABLE_NS_ASSERTIONS</key>
				<string>NO</string>
				<key>ENABLE_STRICT_OBJC_MSGSEND</key>
				<string>YES</string>
				<key>GCC_C_LANGUAGE_STANDARD</key>
				<string>gnu99</string>
				<key>GCC_WARN_64_TO_32_BIT_CONVERSION</key>
				<string>YES</string>
				<key>GCC_WARN_ABOUT_RETURN_TYPE</key>
				<string>YES_ERROR</string>
				<key>GCC_WARN_UNDECLARED_SELECTOR</key>
				<string>YES</string>
				<key>GCC_WARN_UNINITIALIZED_AUTOS</key>
				<string>YES_AGGRESSIVE</string>
				<key>GCC_WARN_UNUSED_FUNCTION</key>
				<string>YES</string>
				<key>GCC_WARN_UNUSED_VARIABLE</key>
				<string>YES</string>
				<key>IPHONEOS_DEPLOYMENT_TARGET</key>
				<string>8.0</string>
				<key>MTL_ENABLE_DEBUG_INFO</key>
				<string>NO</string>
				<key>SDKROOT</key>
				<string>iphoneos</string>
				<key>TARGETED_DEVICE_FAMILY</key>
				<string>1,2</string>
				<key>VALIDATE_PRODUCT</key>
				<string>YES</string>
			</dict>
			<key>isa</key>
			<string>XCBuildConfiguration</string>
			<key>name</key>
			<string>Release</string>
		</dict>
		<key>198FEEB319D7334200A5CA01</key>
		<dict>
			<key>buildConfigurations</key>
			<array>
				<string>198FEEB419D7334200A5CA01</string>
				<string>198FEEB519D7334200A5CA01</string>
			</array>
			<key>defaultConfigurationIsVisible</key>
			<string>0</string>
			<key>defaultConfigurationName</key>
			<string>Release</string>
			<key>isa</key>
			<string>XCConfigurationList</string>
		</dict>
		<key>198FEEB419D7334200A5CA01</key>
		<dict>
			<key>baseConfigurationReference</key>
			<string>A180C70D6116DA25BDBFFD21</string>
			<key>buildSettings</key>
			<dict>
				<key>ASSETCATALOG_COMPILER_APPICON_NAME</key>
				<string>AppIcon</string>
				<key>INFOPLIST_FILE</key>
				<string>Residence/Info.plist</string>
				<key>LD_RUNPATH_SEARCH_PATHS</key>
				<string>$(inherited) @executable_path/Frameworks</string>
				<key>PRODUCT_NAME</key>
				<string>$(TARGET_NAME)</string>
			</dict>
			<key>isa</key>
			<string>XCBuildConfiguration</string>
			<key>name</key>
			<string>Debug</string>
		</dict>
		<key>198FEEB519D7334200A5CA01</key>
		<dict>
			<key>baseConfigurationReference</key>
			<string>36CBFB81A784C38166F3F341</string>
			<key>buildSettings</key>
			<dict>
				<key>ASSETCATALOG_COMPILER_APPICON_NAME</key>
				<string>AppIcon</string>
				<key>INFOPLIST_FILE</key>
				<string>Residence/Info.plist</string>
				<key>LD_RUNPATH_SEARCH_PATHS</key>
				<string>$(inherited) @executable_path/Frameworks</string>
				<key>PRODUCT_NAME</key>
				<string>$(TARGET_NAME)</string>
			</dict>
			<key>isa</key>
			<string>XCBuildConfiguration</string>
			<key>name</key>
			<string>Release</string>
		</dict>
		<key>198FEEB619D7334200A5CA01</key>
		<dict>
			<key>buildConfigurations</key>
			<array>
				<string>198FEEB719D7334200A5CA01</string>
				<string>198FEEB819D7334200A5CA01</string>
			</array>
			<key>defaultConfigurationIsVisible</key>
			<string>0</string>
			<key>defaultConfigurationName</key>
			<string>Release</string>
			<key>isa</key>
			<string>XCConfigurationList</string>
		</dict>
		<key>198FEEB719D7334200A5CA01</key>
		<dict>
			<key>buildSettings</key>
			<dict>
				<key>BUNDLE_LOADER</key>
				<string>$(TEST_HOST)</string>
				<key>FRAMEWORK_SEARCH_PATHS</key>
				<array>
					<string>$(SDKROOT)/Developer/Library/Frameworks</string>
					<string>$(inherited)</string>
				</array>
				<key>GCC_PREPROCESSOR_DEFINITIONS</key>
				<array>
					<string>DEBUG=1</string>
					<string>$(inherited)</string>
				</array>
				<key>INFOPLIST_FILE</key>
				<string>ResidenceTests/Info.plist</string>
				<key>LD_RUNPATH_SEARCH_PATHS</key>
				<string>$(inherited) @executable_path/Frameworks @loader_path/Frameworks</string>
				<key>PRODUCT_NAME</key>
				<string>$(TARGET_NAME)</string>
				<key>TEST_HOST</key>
				<string>$(BUILT_PRODUCTS_DIR)/Residence.app/Residence</string>
			</dict>
			<key>isa</key>
			<string>XCBuildConfiguration</string>
			<key>name</key>
			<string>Debug</string>
		</dict>
		<key>198FEEB819D7334200A5CA01</key>
		<dict>
			<key>buildSettings</key>
			<dict>
				<key>BUNDLE_LOADER</key>
				<string>$(TEST_HOST)</string>
				<key>FRAMEWORK_SEARCH_PATHS</key>
				<array>
					<string>$(SDKROOT)/Developer/Library/Frameworks</string>
					<string>$(inherited)</string>
				</array>
				<key>INFOPLIST_FILE</key>
				<string>ResidenceTests/Info.plist</string>
				<key>LD_RUNPATH_SEARCH_PATHS</key>
				<string>$(inherited) @executable_path/Frameworks @loader_path/Frameworks</string>
				<key>PRODUCT_NAME</key>
				<string>$(TARGET_NAME)</string>
				<key>TEST_HOST</key>
				<string>$(BUILT_PRODUCTS_DIR)/Residence.app/Residence</string>
			</dict>
			<key>isa</key>
			<string>XCBuildConfiguration</string>
			<key>name</key>
			<string>Release</string>
		</dict>
		<key>36CBFB81A784C38166F3F341</key>
		<dict>
			<key>includeInIndex</key>
			<string>1</string>
			<key>isa</key>
			<string>PBXFileReference</string>
			<key>lastKnownFileType</key>
			<string>text.xcconfig</string>
			<key>name</key>
			<string>Pods-Residence.release.xcconfig</string>
			<key>path</key>
			<string>Pods/Target Support Files/Pods-Residence/Pods-Residence.release.xcconfig</string>
			<key>sourceTree</key>
			<string>&lt;group&gt;</string>
		</dict>
		<key>68AADA9C85E84C61933AAA40</key>
		<dict>
			<key>fileRef</key>
			<string>0F9E8F61420D42C182D1C934</string>
			<key>isa</key>
			<string>PBXBuildFile</string>
		</dict>
		<key>74C2E4D865C44ABDB0A99BCF</key>
		<dict>
			<key>buildActionMask</key>
			<string>2147483647</string>
			<key>files</key>
			<array/>
			<key>inputPaths</key>
			<array/>
			<key>isa</key>
			<string>PBXShellScriptBuildPhase</string>
			<key>name</key>
			<string>Check Pods Manifest.lock</string>
			<key>outputPaths</key>
			<array/>
			<key>runOnlyForDeploymentPostprocessing</key>
			<string>0</string>
			<key>shellPath</key>
			<string>/bin/sh</string>
			<key>shellScript</key>
			<string>diff "${PODS_ROOT}/../Podfile.lock" "${PODS_ROOT}/Manifest.lock" &gt; /dev/null
if [[ $? != 0 ]] ; then
    cat &lt;&lt; EOM
error: The sandbox is not in sync with the Podfile.lock. Run 'pod install' or update your CocoaPods installation.
EOM
    exit 1
fi
</string>
			<key>showEnvVarsInLog</key>
			<string>0</string>
		</dict>
		<key>90A36A44177C8732A73F920F</key>
		<dict>
			<key>children</key>
			<array>
				<string>A180C70D6116DA25BDBFFD21</string>
				<string>36CBFB81A784C38166F3F341</string>
			</array>
			<key>isa</key>
			<string>PBXGroup</string>
			<key>name</key>
			<string>Pods</string>
			<key>sourceTree</key>
			<string>&lt;group&gt;</string>
		</dict>
		<key>A180C70D6116DA25BDBFFD21</key>
		<dict>
			<key>includeInIndex</key>
			<string>1</string>
			<key>isa</key>
			<string>PBXFileReference</string>
			<key>lastKnownFileType</key>
			<string>text.xcconfig</string>
			<key>name</key>
			<string>Pods-Residence.debug.xcconfig</string>
			<key>path</key>
			<string>Pods/Target Support Files/Pods-Residence/Pods-Residence.debug.xcconfig</string>
			<key>sourceTree</key>
			<string>&lt;group&gt;</string>
		</dict>
		<key>F898B1FBF3C14CD9828B74D7</key>
		<dict>
			<key>children</key>
			<array>
				<string>0F9E8F61420D42C182D1C934</string>
			</array>
			<key>isa</key>
			<string>PBXGroup</string>
			<key>name</key>
			<string>Frameworks</string>
			<key>sourceTree</key>
			<string>&lt;group&gt;</string>
		</dict>
	</dict>
	<key>rootObject</key>
	<string>198FEE8519D7334200A5CA01</string>
</dict>
</plist>
